// !$*UTF8*$!
{
	archiveVersion = 1;
	classes = {
	};
	objectVersion = 46;
	objects = {

/* Begin PBXBuildFile section */
		C629FE831B748CB60027B9EF /* main.c in Sources */ = {isa = PBXBuildFile; fileRef = C629FE821B748CB60027B9EF /* main.c */; };
/* End PBXBuildFile section */

/* Begin PBXCopyFilesBuildPhase section */
		C629FE7D1B748CB60027B9EF /* CopyFiles */ = {
			isa = PBXCopyFilesBuildPhase;
			buildActionMask = 2147483647;
			dstPath = /usr/share/man/man1/;
			dstSubfolderSpec = 0;
			files = (
			);
			runOnlyForDeploymentPostprocessing = 1;
		};
/* End PBXCopyFilesBuildPhase section */

/* Begin PBXFileReference section */
		C629FE7F1B748CB60027B9EF /* ONE-TWO-THREE */ = {isa = PBXFileReference; explicitFileType = "compiled.mach-o.executable"; includeInIndex = 0; path = "ONE-TWO-THREE"; sourceTree = BUILT_PRODUCTS_DIR; };
		C629FE821B748CB60027B9EF /* main.c */ = {isa = PBXFileReference; lastKnownFileType = sourcecode.c.c; path = main.c; sourceTree = "<group>"; };
/* End PBXFileReference section */

/* Begin PBXFrameworksBuildPhase section */
		C629FE7C1B748CB60027B9EF /* Frameworks */ = {
			isa = PBXFrameworksBuildPhase;
			buildActionMask = 2147483647;
			files = (
			);
			runOnlyForDeploymentPostprocessing = 0;
		};
/* End PBXFrameworksBuildPhase section */

/* Begin PBXGroup section */
		C629FE761B748CB60027B9EF = {
			isa = PBXGroup;
			children = (
				C629FE811B748CB60027B9EF /* ONE-TWO-THREE */,
				C629FE801B748CB60027B9EF /* Products */,
			);
			sourceTree = "<group>";
		};
		C629FE801B748CB60027B9EF /* Products */ = {
			isa = PBXGroup;
			children = (
				C629FE7F1B748CB60027B9EF /* ONE-TWO-THREE */,
			);
			name = Products;
			sourceTree = "<group>";
		};
		C629FE811B748CB60027B9EF /* ONE-TWO-THREE */ = {
			isa = PBXGroup;
			children = (
				C629FE821B748CB60027B9EF /* main.c */,
			);
			path = "ONE-TWO-THREE";
			sourceTree = "<group>";
		};
/* End PBXGroup section */

/* Begin PBXNativeTarget section */
		C629FE7E1B748CB60027B9EF /* ONE-TWO-THREE */ = {
			isa = PBXNativeTarget;
			buildConfigurationList = C629FE861B748CB60027B9EF /* Build configuration list for PBXNativeTarget "ONE-TWO-THREE" */;
			buildPhases = (
				C629FE7B1B748CB60027B9EF /* Sources */,
				C629FE7C1B748CB60027B9EF /* Frameworks */,
				C629FE7D1B748CB60027B9EF /* CopyFiles */,
			);
			buildRules = (
			);
			dependencies = (
			);
			name = "ONE-TWO-THREE";
			productName = "ONE-TWO-THREE";
			productReference = C629FE7F1B748CB60027B9EF /* ONE-TWO-THREE */;
			productType = "com.apple.product-type.tool";
		};
/* End PBXNativeTarget section */

/* Begin PBXProject section */
		C629FE771B748CB60027B9EF /* Project object */ = {
			isa = PBXProject;
			attributes = {
				LastUpgradeCheck = 0640;
				ORGANIZATIONNAME = "Zeqing Zhang";
				TargetAttributes = {
					C629FE7E1B748CB60027B9EF = {
						CreatedOnToolsVersion = 6.4;
					};
				};
			};
			buildConfigurationList = C629FE7A1B748CB60027B9EF /* Build configuration list for PBXProject "ONE-TWO-THREE" */;
			compatibilityVersion = "Xcode 3.2";
			developmentRegion = English;
			hasScannedForEncodings = 0;
			knownRegions = (
				en,
			);
			mainGroup = C629FE761B748CB60027B9EF;
			productRefGroup = C629FE801B748CB60027B9EF /* Products */;
			projectDirPath = "";
			projectRoot = "";
			targets = (
				C629FE7E1B748CB60027B9EF /* ONE-TWO-THREE */,
			);
		};
/* End PBXProject section */

/* Begin PBXSourcesBuildPhase section */
		C629FE7B1B748CB60027B9EF /* Sources */ = {
			isa = PBXSourcesBuildPhase;
			buildActionMask = 2147483647;
			files = (
				C629FE831B748CB60027B9EF /* main.c in Sources */,
			);
			runOnlyForDeploymentPostprocessing = 0;
		};
/* End PBXSourcesBuildPhase section */

/* Begin XCBuildConfiguration section */
		C629FE841B748CB60027B9EF /* Debug */ = {
			isa = XCBuildConfiguration;
			buildSettings = {
				ALWAYS_SEARCH_USER_PATHS = NO;
				CLANG_CXX_LANGUAGE_STANDARD = "gnu++0x";
				CLANG_CXX_LIBRARY = "libc++";
				CLANG_ENABLE_MODULES = YES;
				CLANG_ENABLE_OBJC_ARC = YES;
				CLANG_WARN_BOOL_CONVERSION = YES;
				CLANG_WARN_CONSTANT_CONVERSION = YES;
				CLANG_WARN_DIRECT_OBJC_ISA_USAGE = YES_ERROR;
				CLANG_WARN_EMPTY_BODY = YES;
				CLANG_WARN_ENUM_CONVERSION = YES;
				CLANG_WARN_INT_CONVERSION = YES;
				CLANG_WARN_OBJC_ROOT_CLASS = YES_ERROR;
				CLANG_WARN_UNREACHABLE_CODE = YES;
				CLANG_WARN__DUPLICATE_METHOD_MATCH = YES;
				COPY_PHASE_STRIP = NO;
				DEBUG_INFORMATION_FORMAT = dwarf;
				ENABLE_STRICT_OBJC_MSGSEND = YES;
				GCC_C_LANGUAGE_STANDARD = gnu99;
				GCC_DYNAMIC_NO_PIC = NO;
				GCC_NO_COMMON_BLOCKS = YES;
				GCC_OPTIMIZATION_LEVEL = 0;
				GCC_PREPROCESSOR_DEFINITIONS = (
					"DEBUG=1",
					"$(inherited)",
				);
				GCC_SYMBOLS_PRIVATE_EXTERN = NO;
				GCC_WARN_64_TO_32_BIT_CONVERSION = YES;
				GCC_WARN_ABOUT_RETURN_TYPE = YES_ERROR;
				GCC_WARN_UNDECLARED_SELECTOR = YES;
				GCC_WARN_UNINITIALIZED_AUTOS = YES_AGGRESSIVE;
				GCC_WARN_UNUSED_FUNCTION = YES;
				GCC_WARN_UNUSED_VARIABLE = YES;
				MACOSX_DEPLOYMENT_TARGET = 10.10;
				MTL_ENABLE_DEBUG_INFO = YES;
				ONLY_ACTIVE_ARCH = YES;
				SDKROOT = macosx;
			};
			name = Debug;
		};
		C629FE851B748CB60027B9EF /* Release */ = {
			isa = XCBuildConfiguration;
			buildSettings = {
				ALWAYS_SEARCH_USER_PATHS = NO;
				CLANG_CXX_LANGUAGE_STANDARD = "gnu++0x";
				CLANG_CXX_LIBRARY = "libc++";
				CLANG_ENABLE_MODULES = YES;
				CLANG_ENABLE_OBJC_ARC = YES;
				CLANG_WARN_BOOL_CONVERSION = YES;
				CLANG_WARN_CONSTANT_CONVERSION = YES;
				CLANG_WARN_DIRECT_OBJC_ISA_USAGE = YES_ERROR;
				CLANG_WARN_EMPTY_BODY = YES;
				CLANG_WARN_ENUM_CONVERSION = YES;
				CLANG_WARN_INT_CONVERSION = YES;
				CLANG_WARN_OBJC_ROOT_CLASS = YES_ERROR;
				CLANG_WARN_UNREACHABLE_CODE = YES;
				CLANG_WARN__DUPLICATE_METHOD_MATCH = YES;
				COPY_PHASE_STRIP = NO;
				DEBUG_INFORMATION_FORMAT = "dwarf-with-dsym";
				ENABLE_NS_ASSERTIONS = NO;
				ENABLE_STRICT_OBJC_MSGSEND = YES;
				GCC_C_LANGUAGE_STANDARD = gnu99;
				GCC_NO_COMMON_BLOCKS = YES;
				GCC_WARN_64_TO_32_BIT_CONVERSION = YES;
				GCC_WARN_ABOUT_RETURN_TYPE = YES_ERROR;
				GCC_WARN_UNDECLARED_SELECTOR = YES;
				GCC_WARN_UNINITIALIZED_AUTOS = YES_AGGRESSIVE;
				GCC_WARN_UNUSED_FUNCTION = YES;
				GCC_WARN_UNUSED_VARIABLE = YES;
				MACOSX_DEPLOYMENT_TARGET = 10.10;
				MTL_ENABLE_DEBUG_INFO = NO;
				SDKROOT = macosx;
			};
			name = Release;
		};
		C629FE871B748CB60027B9EF /* Debug */ = {
			isa = XCBuildConfiguration;
			buildSettings = {
				PRODUCT_NAME = "$(TARGET_NAME)";
			};
			name = Debug;
		};
		C629FE881B748CB60027B9EF /* Release */ = {
			isa = XCBuildConfiguration;
			buildSettings = {
				PRODUCT_NAME = "$(TARGET_NAME)";
			};
			name = Release;
		};
/* End XCBuildConfiguration section */

/* Begin XCConfigurationList section */
		C629FE7A1B748CB60027B9EF /* Build configuration list for PBXProject "ONE-TWO-THREE" */ = {
			isa = XCConfigurationList;
			buildConfigurations = (
				C629FE841B748CB60027B9EF /* Debug */,
				C629FE851B748CB60027B9EF /* Release */,
			);
			defaultConfigurationIsVisible = 0;
			defaultConfigurationName = Release;
		};
		C629FE861B748CB60027B9EF /* Build configuration list for PBXNativeTarget "ONE-TWO-THREE" */ = {
			isa = XCConfigurationList;
			buildConfigurations = (
				C629FE871B748CB60027B9EF /* Debug */,
				C629FE881B748CB60027B9EF /* Release */,
			);
			defaultConfigurationIsVisible = 0;
		};
/* End XCConfigurationList section */
	};
	rootObject = C629FE771B748CB60027B9EF /* Project object */;
}
