// !$*UTF8*$!
{
	archiveVersion = 1;
	classes = {
	};
	objectVersion = 46;
	objects = {

/* Begin PBXBuildFile section */
		C621EEA91B5A0B7900A218AD /* main.c in Sources */ = {isa = PBXBuildFile; fileRef = C621EEA81B5A0B7900A218AD /* main.c */; };
/* End PBXBuildFile section */

/* Begin PBXCopyFilesBuildPhase section */
		C621EEA31B5A0B7900A218AD /* CopyFiles */ = {
			isa = PBXCopyFilesBuildPhase;
			buildActionMask = 2147483647;
			dstPath = /usr/share/man/man1/;
			dstSubfolderSpec = 0;
			files = (
			);
			runOnlyForDeploymentPostprocessing = 1;
		};
/* End PBXCopyFilesBuildPhase section */

/* Begin PBXFileReference section */
		C621EEA51B5A0B7900A218AD /* LinkedList */ = {isa = PBXFileReference; explicitFileType = "compiled.mach-o.executable"; includeInIndex = 0; path = LinkedList; sourceTree = BUILT_PRODUCTS_DIR; };
		C621EEA81B5A0B7900A218AD /* main.c */ = {isa = PBXFileReference; lastKnownFileType = sourcecode.c.c; path = main.c; sourceTree = "<group>"; };
/* End PBXFileReference section */

/* Begin PBXFrameworksBuildPhase section */
		C621EEA21B5A0B7900A218AD /* Frameworks */ = {
			isa = PBXFrameworksBuildPhase;
			buildActionMask = 2147483647;
			files = (
			);
			runOnlyForDeploymentPostprocessing = 0;
		};
/* End PBXFrameworksBuildPhase section */

/* Begin PBXGroup section */
		C621EE9C1B5A0B7900A218AD = {
			isa = PBXGroup;
			children = (
				C621EEA71B5A0B7900A218AD /* LinkedList */,
				C621EEA61B5A0B7900A218AD /* Products */,
			);
			sourceTree = "<group>";
		};
		C621EEA61B5A0B7900A218AD /* Products */ = {
			isa = PBXGroup;
			children = (
				C621EEA51B5A0B7900A218AD /* LinkedList */,
			);
			name = Products;
			sourceTree = "<group>";
		};
		C621EEA71B5A0B7900A218AD /* LinkedList */ = {
			isa = PBXGroup;
			children = (
				C621EEA81B5A0B7900A218AD /* main.c */,
			);
			path = LinkedList;
			sourceTree = "<group>";
		};
/* End PBXGroup section */

/* Begin PBXNativeTarget section */
		C621EEA41B5A0B7900A218AD /* LinkedList */ = {
			isa = PBXNativeTarget;
			buildConfigurationList = C621EEAC1B5A0B7900A218AD /* Build configuration list for PBXNativeTarget "LinkedList" */;
			buildPhases = (
				C621EEA11B5A0B7900A218AD /* Sources */,
				C621EEA21B5A0B7900A218AD /* Frameworks */,
				C621EEA31B5A0B7900A218AD /* CopyFiles */,
			);
			buildRules = (
			);
			dependencies = (
			);
			name = LinkedList;
			productName = LinkedList;
			productReference = C621EEA51B5A0B7900A218AD /* LinkedList */;
			productType = "com.apple.product-type.tool";
		};
/* End PBXNativeTarget section */

/* Begin PBXProject section */
		C621EE9D1B5A0B7900A218AD /* Project object */ = {
			isa = PBXProject;
			attributes = {
				LastUpgradeCheck = 0640;
				ORGANIZATIONNAME = "Zeqing Zhang";
				TargetAttributes = {
					C621EEA41B5A0B7900A218AD = {
						CreatedOnToolsVersion = 6.4;
					};
				};
			};
			buildConfigurationList = C621EEA01B5A0B7900A218AD /* Build configuration list for PBXProject "LinkedList" */;
			compatibilityVersion = "Xcode 3.2";
			developmentRegion = English;
			hasScannedForEncodings = 0;
			knownRegions = (
				en,
			);
			mainGroup = C621EE9C1B5A0B7900A218AD;
			productRefGroup = C621EEA61B5A0B7900A218AD /* Products */;
			projectDirPath = "";
			projectRoot = "";
			targets = (
				C621EEA41B5A0B7900A218AD /* LinkedList */,
			);
		};
/* End PBXProject section */

/* Begin PBXSourcesBuildPhase section */
		C621EEA11B5A0B7900A218AD /* Sources */ = {
			isa = PBXSourcesBuildPhase;
			buildActionMask = 2147483647;
			files = (
				C621EEA91B5A0B7900A218AD /* main.c in Sources */,
			);
			runOnlyForDeploymentPostprocessing = 0;
		};
/* End PBXSourcesBuildPhase section */

/* Begin XCBuildConfiguration section */
		C621EEAA1B5A0B7900A218AD /* Debug */ = {
			isa = XCBuildConfiguration;
			buildSettings = {
				ALWAYS_SEARCH_USER_PATHS = NO;
				CLANG_CXX_LANGUAGE_STANDARD = "gnu++0x";
				CLANG_CXX_LIBRARY = "libc++";
				CLANG_ENABLE_MODULES = YES;
				CLANG_ENABLE_OBJC_ARC = YES;
				CLANG_WARN_BOOL_CONVERSION = YES;
				CLANG_WARN_CONSTANT_CONVERSION = YES;
				CLANG_WARN_DIRECT_OBJC_ISA_USAGE = YES_ERROR;
				CLANG_WARN_EMPTY_BODY = YES;
				CLANG_WARN_ENUM_CONVERSION = YES;
				CLANG_WARN_INT_CONVERSION = YES;
				CLANG_WARN_OBJC_ROOT_CLASS = YES_ERROR;
				CLANG_WARN_UNREACHABLE_CODE = YES;
				CLANG_WARN__DUPLICATE_METHOD_MATCH = YES;
				COPY_PHASE_STRIP = NO;
				DEBUG_INFORMATION_FORMAT = dwarf;
				ENABLE_STRICT_OBJC_MSGSEND = YES;
				GCC_C_LANGUAGE_STANDARD = gnu99;
				GCC_DYNAMIC_NO_PIC = NO;
				GCC_NO_COMMON_BLOCKS = YES;
				GCC_OPTIMIZATION_LEVEL = 0;
				GCC_PREPROCESSOR_DEFINITIONS = (
					"DEBUG=1",
					"$(inherited)",
				);
				GCC_SYMBOLS_PRIVATE_EXTERN = NO;
				GCC_WARN_64_TO_32_BIT_CONVERSION = YES;
				GCC_WARN_ABOUT_RETURN_TYPE = YES_ERROR;
				GCC_WARN_UNDECLARED_SELECTOR = YES;
				GCC_WARN_UNINITIALIZED_AUTOS = YES_AGGRESSIVE;
				GCC_WARN_UNUSED_FUNCTION = YES;
				GCC_WARN_UNUSED_VARIABLE = YES;
				MACOSX_DEPLOYMENT_TARGET = 10.10;
				MTL_ENABLE_DEBUG_INFO = YES;
				ONLY_ACTIVE_ARCH = YES;
				SDKROOT = macosx;
			};
			name = Debug;
		};
		C621EEAB1B5A0B7900A218AD /* Release */ = {
			isa = XCBuildConfiguration;
			buildSettings = {
				ALWAYS_SEARCH_USER_PATHS = NO;
				CLANG_CXX_LANGUAGE_STANDARD = "gnu++0x";
				CLANG_CXX_LIBRARY = "libc++";
				CLANG_ENABLE_MODULES = YES;
				CLANG_ENABLE_OBJC_ARC = YES;
				CLANG_WARN_BOOL_CONVERSION = YES;
				CLANG_WARN_CONSTANT_CONVERSION = YES;
				CLANG_WARN_DIRECT_OBJC_ISA_USAGE = YES_ERROR;
				CLANG_WARN_EMPTY_BODY = YES;
				CLANG_WARN_ENUM_CONVERSION = YES;
				CLANG_WARN_INT_CONVERSION = YES;
				CLANG_WARN_OBJC_ROOT_CLASS = YES_ERROR;
				CLANG_WARN_UNREACHABLE_CODE = YES;
				CLANG_WARN__DUPLICATE_METHOD_MATCH = YES;
				COPY_PHASE_STRIP = NO;
				DEBUG_INFORMATION_FORMAT = "dwarf-with-dsym";
				ENABLE_NS_ASSERTIONS = NO;
				ENABLE_STRICT_OBJC_MSGSEND = YES;
				GCC_C_LANGUAGE_STANDARD = gnu99;
				GCC_NO_COMMON_BLOCKS = YES;
				GCC_WARN_64_TO_32_BIT_CONVERSION = YES;
				GCC_WARN_ABOUT_RETURN_TYPE = YES_ERROR;
				GCC_WARN_UNDECLARED_SELECTOR = YES;
				GCC_WARN_UNINITIALIZED_AUTOS = YES_AGGRESSIVE;
				GCC_WARN_UNUSED_FUNCTION = YES;
				GCC_WARN_UNUSED_VARIABLE = YES;
				MACOSX_DEPLOYMENT_TARGET = 10.10;
				MTL_ENABLE_DEBUG_INFO = NO;
				SDKROOT = macosx;
			};
			name = Release;
		};
		C621EEAD1B5A0B7900A218AD /* Debug */ = {
			isa = XCBuildConfiguration;
			buildSettings = {
				PRODUCT_NAME = "$(TARGET_NAME)";
			};
			name = Debug;
		};
		C621EEAE1B5A0B7900A218AD /* Release */ = {
			isa = XCBuildConfiguration;
			buildSettings = {
				PRODUCT_NAME = "$(TARGET_NAME)";
			};
			name = Release;
		};
/* End XCBuildConfiguration section */

/* Begin XCConfigurationList section */
		C621EEA01B5A0B7900A218AD /* Build configuration list for PBXProject "LinkedList" */ = {
			isa = XCConfigurationList;
			buildConfigurations = (
				C621EEAA1B5A0B7900A218AD /* Debug */,
				C621EEAB1B5A0B7900A218AD /* Release */,
			);
			defaultConfigurationIsVisible = 0;
			defaultConfigurationName = Release;
		};
		C621EEAC1B5A0B7900A218AD /* Build configuration list for PBXNativeTarget "LinkedList" */ = {
			isa = XCConfigurationList;
			buildConfigurations = (
				C621EEAD1B5A0B7900A218AD /* Debug */,
				C621EEAE1B5A0B7900A218AD /* Release */,
			);
			defaultConfigurationIsVisible = 0;
		};
/* End XCConfigurationList section */
	};
	rootObject = C621EE9D1B5A0B7900A218AD /* Project object */;
}
